
Microsoft Visual Studio Solution File, Format Version 11.00
# Visual Studio 2010
Project("{8BC9CEB8-8B4A-11D0-8D11-00A0C91BC942}") = "facebookAccount", "facebookAccount\facebookAccount.vcxproj", "{71B8A3F2-EBD4-4A15-A232-289F017530C7}"
EndProject
Global
	GlobalSection(SolutionConfigurationPlatforms) = preSolution
		Debug|Win32 = Debug|Win32
		Release|Win32 = Release|Win32
	EndGlobalSection
	GlobalSection(ProjectConfigurationPlatforms) = postSolution
		{71B8A3F2-EBD4-4A15-A232-289F017530C7}.Debug|Win32.ActiveCfg = Debug|Win32
		{71B8A3F2-EBD4-4A15-A232-289F017530C7}.Debug|Win32.Build.0 = Debug|Win32
		{71B8A3F2-EBD4-4A15-A232-289F017530C7}.Release|Win32.ActiveCfg = Release|Win32
		{71B8A3F2-EBD4-4A15-A232-289F017530C7}.Release|Win32.Build.0 = Release|Win32
	EndGlobalSection
	GlobalSection(SolutionProperties) = preSolution
		HideSolutionNode = FALSE
	EndGlobalSection
EndGlobal
